
Microsoft Visual Studio Solution File, Format Version 12.00
# Visual Studio 15
VisualStudioVersion = 15.0.28307.757
MinimumVisualStudioVersion = 10.0.40219.1
Project("{FAE04EC0-301F-11D3-BF4B-00C04F79EFBC}") = "Exemp_PS_trabalhadores", "Exemp_PS_trabalhadores\Exemp_PS_trabalhadores.csproj", "{EE85F594-F39D-4143-955B-5D79BEBF9025}"
EndProject
Global
	GlobalSection(SolutionConfigurationPlatforms) = preSolution
		Debug|Any CPU = Debug|Any CPU
		Release|Any CPU = Release|Any CPU
	EndGlobalSection
	GlobalSection(ProjectConfigurationPlatforms) = postSolution
		{EE85F594-F39D-4143-955B-5D79BEBF9025}.Debug|Any CPU.ActiveCfg = Debug|Any CPU
		{EE85F594-F39D-4143-955B-5D79BEBF9025}.Debug|Any CPU.Build.0 = Debug|Any CPU
		{EE85F594-F39D-4143-955B-5D79BEBF9025}.Release|Any CPU.ActiveCfg = Release|Any CPU
		{EE85F594-F39D-4143-955B-5D79BEBF9025}.Release|Any CPU.Build.0 = Release|Any CPU
	EndGlobalSection
	GlobalSection(SolutionProperties) = preSolution
		HideSolutionNode = FALSE
	EndGlobalSection
	GlobalSection(ExtensibilityGlobals) = postSolution
		SolutionGuid = {FD582071-2EAE-4C0E-A819-5DAB67C643AC}
	EndGlobalSection
EndGlobal
